// !$*UTF8*$!
{
	archiveVersion = 1;
	classes = {
	};
	objectVersion = 50;
	objects = {

/* Begin PBXBuildFile section */
		7F00FC88254361E400AC909C /* AppDelegate.swift in Sources */ = {isa = PBXBuildFile; fileRef = 7F00FC87254361E400AC909C /* AppDelegate.swift */; };
		7F00FC8A254361E400AC909C /* SceneDelegate.swift in Sources */ = {isa = PBXBuildFile; fileRef = 7F00FC89254361E400AC909C /* SceneDelegate.swift */; };
		7F00FC8C254361E400AC909C /* ViewController.swift in Sources */ = {isa = PBXBuildFile; fileRef = 7F00FC8B254361E400AC909C /* ViewController.swift */; };
		7F00FC8F254361E400AC909C /* Main.storyboard in Resources */ = {isa = PBXBuildFile; fileRef = 7F00FC8D254361E400AC909C /* Main.storyboard */; };
		7F00FC91254361E600AC909C /* Assets.xcassets in Resources */ = {isa = PBXBuildFile; fileRef = 7F00FC90254361E600AC909C /* Assets.xcassets */; };
		7F00FC94254361E600AC909C /* LaunchScreen.storyboard in Resources */ = {isa = PBXBuildFile; fileRef = 7F00FC92254361E600AC909C /* LaunchScreen.storyboard */; };
		B702A8F3E839295AC40DEE24 /* Pods_Caliper.framework in Frameworks */ = {isa = PBXBuildFile; fileRef = 3626CD6F0E90BE3AD579F1E6 /* Pods_Caliper.framework */; };
/* End PBXBuildFile section */

/* Begin PBXFileReference section */
		3626CD6F0E90BE3AD579F1E6 /* Pods_Caliper.framework */ = {isa = PBXFileReference; explicitFileType = wrapper.framework; includeInIndex = 0; path = Pods_Caliper.framework; sourceTree = BUILT_PRODUCTS_DIR; };
		3E16FF502AA1957020809C34 /* Pods-Caliper.debug.xcconfig */ = {isa = PBXFileReference; includeInIndex = 1; lastKnownFileType = text.xcconfig; name = "Pods-Caliper.debug.xcconfig"; path = "Target Support Files/Pods-Caliper/Pods-Caliper.debug.xcconfig"; sourceTree = "<group>"; };
		7F00FC84254361E400AC909C /* Caliper.app */ = {isa = PBXFileReference; explicitFileType = wrapper.application; includeInIndex = 0; path = Caliper.app; sourceTree = BUILT_PRODUCTS_DIR; };
		7F00FC87254361E400AC909C /* AppDelegate.swift */ = {isa = PBXFileReference; lastKnownFileType = sourcecode.swift; path = AppDelegate.swift; sourceTree = "<group>"; };
		7F00FC89254361E400AC909C /* SceneDelegate.swift */ = {isa = PBXFileReference; lastKnownFileType = sourcecode.swift; path = SceneDelegate.swift; sourceTree = "<group>"; };
		7F00FC8B254361E400AC909C /* ViewController.swift */ = {isa = PBXFileReference; lastKnownFileType = sourcecode.swift; path = ViewController.swift; sourceTree = "<group>"; };
		7F00FC8E254361E400AC909C /* Base */ = {isa = PBXFileReference; lastKnownFileType = file.storyboard; name = Base; path = Base.lproj/Main.storyboard; sourceTree = "<group>"; };
		7F00FC90254361E600AC909C /* Assets.xcassets */ = {isa = PBXFileReference; lastKnownFileType = folder.assetcatalog; path = Assets.xcassets; sourceTree = "<group>"; };
		7F00FC93254361E600AC909C /* Base */ = {isa = PBXFileReference; lastKnownFileType = file.storyboard; name = Base; path = Base.lproj/LaunchScreen.storyboard; sourceTree = "<group>"; };
		7F00FC95254361E700AC909C /* Info.plist */ = {isa = PBXFileReference; lastKnownFileType = text.plist.xml; path = Info.plist; sourceTree = "<group>"; };
		B4A23DC23C8A2359860EE559 /* Pods-Caliper.release.xcconfig */ = {isa = PBXFileReference; includeInIndex = 1; lastKnownFileType = text.xcconfig; name = "Pods-Caliper.release.xcconfig"; path = "Target Support Files/Pods-Caliper/Pods-Caliper.release.xcconfig"; sourceTree = "<group>"; };
/* End PBXFileReference section */

/* Begin PBXFrameworksBuildPhase section */
		7F00FC81254361E400AC909C /* Frameworks */ = {
			isa = PBXFrameworksBuildPhase;
			buildActionMask = 2147483647;
			files = (
				B702A8F3E839295AC40DEE24 /* Pods_Caliper.framework in Frameworks */,
			);
			runOnlyForDeploymentPostprocessing = 0;
		};
/* End PBXFrameworksBuildPhase section */

/* Begin PBXGroup section */
		1B1A995F28A1BD8E2FC384E2 /* Frameworks */ = {
			isa = PBXGroup;
			children = (
				3626CD6F0E90BE3AD579F1E6 /* Pods_Caliper.framework */,
			);
			name = Frameworks;
			sourceTree = "<group>";
		};
		7F00FC7B254361E400AC909C = {
			isa = PBXGroup;
			children = (
				7F00FC86254361E400AC909C /* Caliper */,
				7F00FC85254361E400AC909C /* Products */,
				99646AAE4DBCDCB2FF05F639 /* Pods */,
				1B1A995F28A1BD8E2FC384E2 /* Frameworks */,
			);
			sourceTree = "<group>";
		};
		7F00FC85254361E400AC909C /* Products */ = {
			isa = PBXGroup;
			children = (
				7F00FC84254361E400AC909C /* Caliper.app */,
			);
			name = Products;
			sourceTree = "<group>";
		};
		7F00FC86254361E400AC909C /* Caliper */ = {
			isa = PBXGroup;
			children = (
				7F00FC87254361E400AC909C /* AppDelegate.swift */,
				7F00FC89254361E400AC909C /* SceneDelegate.swift */,
				7F00FC8B254361E400AC909C /* ViewController.swift */,
				7F00FC8D254361E400AC909C /* Main.storyboard */,
				7F00FC90254361E600AC909C /* Assets.xcassets */,
				7F00FC92254361E600AC909C /* LaunchScreen.storyboard */,
				7F00FC95254361E700AC909C /* Info.plist */,
			);
			path = Caliper;
			sourceTree = "<group>";
		};
		99646AAE4DBCDCB2FF05F639 /* Pods */ = {
			isa = PBXGroup;
			children = (
				3E16FF502AA1957020809C34 /* Pods-Caliper.debug.xcconfig */,
				B4A23DC23C8A2359860EE559 /* Pods-Caliper.release.xcconfig */,
			);
			name = Pods;
			path = Pods;
			sourceTree = "<group>";
		};
/* End PBXGroup section */

/* Begin PBXNativeTarget section */
		7F00FC83254361E400AC909C /* Caliper */ = {
			isa = PBXNativeTarget;
			buildConfigurationList = 7F00FC98254361E700AC909C /* Build configuration list for PBXNativeTarget "Caliper" */;
			buildPhases = (
				2492A570F5A271652494F079 /* [CP] Check Pods Manifest.lock */,
				7F00FC80254361E400AC909C /* Sources */,
				7F00FC81254361E400AC909C /* Frameworks */,
				7F00FC82254361E400AC909C /* Resources */,
				424B648B1D3029455E28E381 /* [CP] Embed Pods Frameworks */,
			);
			buildRules = (
			);
			dependencies = (
			);
			name = Caliper;
			productName = Caliper;
			productReference = 7F00FC84254361E400AC909C /* Caliper.app */;
			productType = "com.apple.product-type.application";
		};
/* End PBXNativeTarget section */

/* Begin PBXProject section */
		7F00FC7C254361E400AC909C /* Project object */ = {
			isa = PBXProject;
			attributes = {
				LastSwiftUpdateCheck = 1210;
				LastUpgradeCheck = 1210;
				TargetAttributes = {
					7F00FC83254361E400AC909C = {
						CreatedOnToolsVersion = 12.1;
					};
				};
			};
			buildConfigurationList = 7F00FC7F254361E400AC909C /* Build configuration list for PBXProject "Caliper" */;
			compatibilityVersion = "Xcode 9.3";
			developmentRegion = en;
			hasScannedForEncodings = 0;
			knownRegions = (
				en,
				Base,
			);
			mainGroup = 7F00FC7B254361E400AC909C;
			productRefGroup = 7F00FC85254361E400AC909C /* Products */;
			projectDirPath = "";
			projectRoot = "";
			targets = (
				7F00FC83254361E400AC909C /* Caliper */,
			);
		};
/* End PBXProject section */

/* Begin PBXResourcesBuildPhase section */
		7F00FC82254361E400AC909C /* Resources */ = {
			isa = PBXResourcesBuildPhase;
			buildActionMask = 2147483647;
			files = (
				7F00FC94254361E600AC909C /* LaunchScreen.storyboard in Resources */,
				7F00FC91254361E600AC909C /* Assets.xcassets in Resources */,
				7F00FC8F254361E400AC909C /* Main.storyboard in Resources */,
			);
			runOnlyForDeploymentPostprocessing = 0;
		};
/* End PBXResourcesBuildPhase section */

/* Begin PBXShellScriptBuildPhase section */
		2492A570F5A271652494F079 /* [CP] Check Pods Manifest.lock */ = {
			isa = PBXShellScriptBuildPhase;
			buildActionMask = 2147483647;
			files = (
			);
			inputFileListPaths = (
			);
			inputPaths = (
				"${PODS_PODFILE_DIR_PATH}/Podfile.lock",
				"${PODS_ROOT}/Manifest.lock",
			);
			name = "[CP] Check Pods Manifest.lock";
			outputFileListPaths = (
			);
			outputPaths = (
				"$(DERIVED_FILE_DIR)/Pods-Caliper-checkManifestLockResult.txt",
			);
			runOnlyForDeploymentPostprocessing = 0;
			shellPath = /bin/sh;
			shellScript = "diff \"${PODS_PODFILE_DIR_PATH}/Podfile.lock\" \"${PODS_ROOT}/Manifest.lock\" > /dev/null\nif [ $? != 0 ] ; then\n    # print error to STDERR\n    echo \"error: The sandbox is not in sync with the Podfile.lock. Run 'pod install' or update your CocoaPods installation.\" >&2\n    exit 1\nfi\n# This output is used by Xcode 'outputs' to avoid re-running this script phase.\necho \"SUCCESS\" > \"${SCRIPT_OUTPUT_FILE_0}\"\n";
			showEnvVarsInLog = 0;
		};
		424B648B1D3029455E28E381 /* [CP] Embed Pods Frameworks */ = {
			isa = PBXShellScriptBuildPhase;
			buildActionMask = 2147483647;
			files = (
			);
			inputFileListPaths = (
				"${PODS_ROOT}/Target Support Files/Pods-Caliper/Pods-Caliper-frameworks-${CONFIGURATION}-input-files.xcfilelist",
			);
			name = "[CP] Embed Pods Frameworks";
			outputFileListPaths = (
				"${PODS_ROOT}/Target Support Files/Pods-Caliper/Pods-Caliper-frameworks-${CONFIGURATION}-output-files.xcfilelist",
			);
			runOnlyForDeploymentPostprocessing = 0;
			shellPath = /bin/sh;
			shellScript = "\"${PODS_ROOT}/Target Support Files/Pods-Caliper/Pods-Caliper-frameworks.sh\"\n";
			showEnvVarsInLog = 0;
		};
/* End PBXShellScriptBuildPhase section */

/* Begin PBXSourcesBuildPhase section */
		7F00FC80254361E400AC909C /* Sources */ = {
			isa = PBXSourcesBuildPhase;
			buildActionMask = 2147483647;
			files = (
				7F00FC8C254361E400AC909C /* ViewController.swift in Sources */,
				7F00FC88254361E400AC909C /* AppDelegate.swift in Sources */,
				7F00FC8A254361E400AC909C /* SceneDelegate.swift in Sources */,
			);
			runOnlyForDeploymentPostprocessing = 0;
		};
/* End PBXSourcesBuildPhase section */

/* Begin PBXVariantGroup section */
		7F00FC8D254361E400AC909C /* Main.storyboard */ = {
			isa = PBXVariantGroup;
			children = (
				7F00FC8E254361E400AC909C /* Base */,
			);
			name = Main.storyboard;
			sourceTree = "<group>";
		};
		7F00FC92254361E600AC909C /* LaunchScreen.storyboard */ = {
			isa = PBXVariantGroup;
			children = (
				7F00FC93254361E600AC909C /* Base */,
			);
			name = LaunchScreen.storyboard;
			sourceTree = "<group>";
		};
/* End PBXVariantGroup section */

/* Begin XCBuildConfiguration section */
		7F00FC96254361E700AC909C /* Debug */ = {
			isa = XCBuildConfiguration;
			buildSettings = {
				ALWAYS_SEARCH_USER_PATHS = NO;
				CLANG_ANALYZER_NONNULL = YES;
				CLANG_ANALYZER_NUMBER_OBJECT_CONVERSION = YES_AGGRESSIVE;
				CLANG_CXX_LANGUAGE_STANDARD = "gnu++14";
				CLANG_CXX_LIBRARY = "libc++";
				CLANG_ENABLE_MODULES = YES;
				CLANG_ENABLE_OBJC_ARC = YES;
				CLANG_ENABLE_OBJC_WEAK = YES;
				CLANG_WARN_BLOCK_CAPTURE_AUTORELEASING = YES;
				CLANG_WARN_BOOL_CONVERSION = YES;
				CLANG_WARN_COMMA = YES;
				CLANG_WARN_CONSTANT_CONVERSION = YES;
				CLANG_WARN_DEPRECATED_OBJC_IMPLEMENTATIONS = YES;
				CLANG_WARN_DIRECT_OBJC_ISA_USAGE = YES_ERROR;
				CLANG_WARN_DOCUMENTATION_COMMENTS = YES;
				CLANG_WARN_EMPTY_BODY = YES;
				CLANG_WARN_ENUM_CONVERSION = YES;
				CLANG_WARN_INFINITE_RECURSION = YES;
				CLANG_WARN_INT_CONVERSION = YES;
				CLANG_WARN_NON_LITERAL_NULL_CONVERSION = YES;
				CLANG_WARN_OBJC_IMPLICIT_RETAIN_SELF = YES;
				CLANG_WARN_OBJC_LITERAL_CONVERSION = YES;
				CLANG_WARN_OBJC_ROOT_CLASS = YES_ERROR;
				CLANG_WARN_QUOTED_INCLUDE_IN_FRAMEWORK_HEADER = YES;
				CLANG_WARN_RANGE_LOOP_ANALYSIS = YES;
				CLANG_WARN_STRICT_PROTOTYPES = YES;
				CLANG_WARN_SUSPICIOUS_MOVE = YES;
				CLANG_WARN_UNGUARDED_AVAILABILITY = YES_AGGRESSIVE;
				CLANG_WARN_UNREACHABLE_CODE = YES;
				CLANG_WARN__DUPLICATE_METHOD_MATCH = YES;
				COPY_PHASE_STRIP = NO;
				DEBUG_INFORMATION_FORMAT = dwarf;
				ENABLE_STRICT_OBJC_MSGSEND = YES;
				ENABLE_TESTABILITY = YES;
				GCC_C_LANGUAGE_STANDARD = gnu11;
				GCC_DYNAMIC_NO_PIC = NO;
				GCC_NO_COMMON_BLOCKS = YES;
				GCC_OPTIMIZATION_LEVEL = 0;
				GCC_PREPROCESSOR_DEFINITIONS = (
					"DEBUG=1",
					"$(inherited)",
				);
				GCC_WARN_64_TO_32_BIT_CONVERSION = YES;
				GCC_WARN_ABOUT_RETURN_TYPE = YES_ERROR;
				GCC_WARN_UNDECLARED_SELECTOR = YES;
				GCC_WARN_UNINITIALIZED_AUTOS = YES_AGGRESSIVE;
				GCC_WARN_UNUSED_FUNCTION = YES;
				GCC_WARN_UNUSED_VARIABLE = YES;
				IPHONEOS_DEPLOYMENT_TARGET = 14.1;
				MTL_ENABLE_DEBUG_INFO = INCLUDE_SOURCE;
				MTL_FAST_MATH = YES;
				ONLY_ACTIVE_ARCH = YES;
				SDKROOT = iphoneos;
				SWIFT_ACTIVE_COMPILATION_CONDITIONS = DEBUG;
				SWIFT_OPTIMIZATION_LEVEL = "-Onone";
			};
			name = Debug;
		};
		7F00FC97254361E700AC909C /* Release */ = {
			isa = XCBuildConfiguration;
			buildSettings = {
				ALWAYS_SEARCH_USER_PATHS = NO;
				CLANG_ANALYZER_NONNULL = YES;
				CLANG_ANALYZER_NUMBER_OBJECT_CONVERSION = YES_AGGRESSIVE;
				CLANG_CXX_LANGUAGE_STANDARD = "gnu++14";
				CLANG_CXX_LIBRARY = "libc++";
				CLANG_ENABLE_MODULES = YES;
				CLANG_ENABLE_OBJC_ARC = YES;
				CLANG_ENABLE_OBJC_WEAK = YES;
				CLANG_WARN_BLOCK_CAPTURE_AUTORELEASING = YES;
				CLANG_WARN_BOOL_CONVERSION = YES;
				CLANG_WARN_COMMA = YES;
				CLANG_WARN_CONSTANT_CONVERSION = YES;
				CLANG_WARN_DEPRECATED_OBJC_IMPLEMENTATIONS = YES;
				CLANG_WARN_DIRECT_OBJC_ISA_USAGE = YES_ERROR;
				CLANG_WARN_DOCUMENTATION_COMMENTS = YES;
				CLANG_WARN_EMPTY_BODY = YES;
				CLANG_WARN_ENUM_CONVERSION = YES;
				CLANG_WARN_INFINITE_RECURSION = YES;
				CLANG_WARN_INT_CONVERSION = YES;
				CLANG_WARN_NON_LITERAL_NULL_CONVERSION = YES;
				CLANG_WARN_OBJC_IMPLICIT_RETAIN_SELF = YES;
				CLANG_WARN_OBJC_LITERAL_CONVERSION = YES;
				CLANG_WARN_OBJC_ROOT_CLASS = YES_ERROR;
				CLANG_WARN_QUOTED_INCLUDE_IN_FRAMEWORK_HEADER = YES;
				CLANG_WARN_RANGE_LOOP_ANALYSIS = YES;
				CLANG_WARN_STRICT_PROTOTYPES = YES;
				CLANG_WARN_SUSPICIOUS_MOVE = YES;
				CLANG_WARN_UNGUARDED_AVAILABILITY = YES_AGGRESSIVE;
				CLANG_WARN_UNREACHABLE_CODE = YES;
				CLANG_WARN__DUPLICATE_METHOD_MATCH = YES;
				COPY_PHASE_STRIP = NO;
				DEBUG_INFORMATION_FORMAT = "dwarf-with-dsym";
				ENABLE_NS_ASSERTIONS = NO;
				ENABLE_STRICT_OBJC_MSGSEND = YES;
				GCC_C_LANGUAGE_STANDARD = gnu11;
				GCC_NO_COMMON_BLOCKS = YES;
				GCC_WARN_64_TO_32_BIT_CONVERSION = YES;
				GCC_WARN_ABOUT_RETURN_TYPE = YES_ERROR;
				GCC_WARN_UNDECLARED_SELECTOR = YES;
				GCC_WARN_UNINITIALIZED_AUTOS = YES_AGGRESSIVE;
				GCC_WARN_UNUSED_FUNCTION = YES;
				GCC_WARN_UNUSED_VARIABLE = YES;
				IPHONEOS_DEPLOYMENT_TARGET = 14.1;
				MTL_ENABLE_DEBUG_INFO = NO;
				MTL_FAST_MATH = YES;
				SDKROOT = iphoneos;
				SWIFT_COMPILATION_MODE = wholemodule;
				SWIFT_OPTIMIZATION_LEVEL = "-O";
				VALIDATE_PRODUCT = YES;
			};
			name = Release;
		};
		7F00FC99254361E700AC909C /* Debug */ = {
			isa = XCBuildConfiguration;
			baseConfigurationReference = 3E16FF502AA1957020809C34 /* Pods-Caliper.debug.xcconfig */;
			buildSettings = {
				ASSETCATALOG_COMPILER_APPICON_NAME = AppIcon;
				ASSETCATALOG_COMPILER_GLOBAL_ACCENT_COLOR_NAME = AccentColor;
				CODE_SIGN_STYLE = Automatic;
				DEVELOPMENT_TEAM = DM5Z99J38L;
				INFOPLIST_FILE = Caliper/Info.plist;
				LD_RUNPATH_SEARCH_PATHS = (
					"$(inherited)",
					"@executable_path/Frameworks",
				);
				PRODUCT_BUNDLE_IDENTIFIER = jaredrada.Caliper;
				PRODUCT_NAME = "$(TARGET_NAME)";
				SWIFT_VERSION = 5.0;
				TARGETED_DEVICE_FAMILY = "1,2";
			};
			name = Debug;
		};
		7F00FC9A254361E700AC909C /* Release */ = {
			isa = XCBuildConfiguration;
			baseConfigurationReference = B4A23DC23C8A2359860EE559 /* Pods-Caliper.release.xcconfig */;
			buildSettings = {
				ASSETCATALOG_COMPILER_APPICON_NAME = AppIcon;
				ASSETCATALOG_COMPILER_GLOBAL_ACCENT_COLOR_NAME = AccentColor;
				CODE_SIGN_STYLE = Automatic;
				DEVELOPMENT_TEAM = DM5Z99J38L;
				INFOPLIST_FILE = Caliper/Info.plist;
				LD_RUNPATH_SEARCH_PATHS = (
					"$(inherited)",
					"@executable_path/Frameworks",
				);
				PRODUCT_BUNDLE_IDENTIFIER = jaredrada.Caliper;
				PRODUCT_NAME = "$(TARGET_NAME)";
				SWIFT_VERSION = 5.0;
				TARGETED_DEVICE_FAMILY = "1,2";
			};
			name = Release;
		};
/* End XCBuildConfiguration section */

/* Begin XCConfigurationList section */
		7F00FC7F254361E400AC909C /* Build configuration list for PBXProject "Caliper" */ = {
			isa = XCConfigurationList;
			buildConfigurations = (
				7F00FC96254361E700AC909C /* Debug */,
				7F00FC97254361E700AC909C /* Release */,
			);
			defaultConfigurationIsVisible = 0;
			defaultConfigurationName = Release;
		};
		7F00FC98254361E700AC909C /* Build configuration list for PBXNativeTarget "Caliper" */ = {
			isa = XCConfigurationList;
			buildConfigurations = (
				7F00FC99254361E700AC909C /* Debug */,
				7F00FC9A254361E700AC909C /* Release */,
			);
			defaultConfigurationIsVisible = 0;
			defaultConfigurationName = Release;
		};
/* End XCConfigurationList section */
	};
	rootObject = 7F00FC7C254361E400AC909C /* Project object */;
}
